
Microsoft Visual Studio Solution File, Format Version 12.00
# Visual Studio 15
VisualStudioVersion = 15.0.26430.6
MinimumVisualStudioVersion = 10.0.40219.1
Project("{FAE04EC0-301F-11D3-BF4B-00C04F79EFBC}") = "NeuralNetworks.Console", "NeuralNetworks.Console\NeuralNetworks.Console.csproj", "{6B2CBBD2-5CAB-48E1-99F6-15FF23035CBA}"
EndProject
Project("{FAE04EC0-301F-11D3-BF4B-00C04F79EFBC}") = "NeuralNetworks.Library", "NeuralNetworks.Library\NeuralNetworks.Library.csproj", "{A21A69D7-546E-4F8E-BB2E-361E0DE5F995}"
EndProject
Global
	GlobalSection(SolutionConfigurationPlatforms) = preSolution
		Debug|Any CPU = Debug|Any CPU
		Release|Any CPU = Release|Any CPU
	EndGlobalSection
	GlobalSection(ProjectConfigurationPlatforms) = postSolution
		{6B2CBBD2-5CAB-48E1-99F6-15FF23035CBA}.Debug|Any CPU.ActiveCfg = Debug|Any CPU
		{6B2CBBD2-5CAB-48E1-99F6-15FF23035CBA}.Debug|Any CPU.Build.0 = Debug|Any CPU
		{6B2CBBD2-5CAB-48E1-99F6-15FF23035CBA}.Release|Any CPU.ActiveCfg = Release|Any CPU
		{6B2CBBD2-5CAB-48E1-99F6-15FF23035CBA}.Release|Any CPU.Build.0 = Release|Any CPU
		{A21A69D7-546E-4F8E-BB2E-361E0DE5F995}.Debug|Any CPU.ActiveCfg = Debug|Any CPU
		{A21A69D7-546E-4F8E-BB2E-361E0DE5F995}.Debug|Any CPU.Build.0 = Debug|Any CPU
		{A21A69D7-546E-4F8E-BB2E-361E0DE5F995}.Release|Any CPU.ActiveCfg = Release|Any CPU
		{A21A69D7-546E-4F8E-BB2E-361E0DE5F995}.Release|Any CPU.Build.0 = Release|Any CPU
	EndGlobalSection
	GlobalSection(SolutionProperties) = preSolution
		HideSolutionNode = FALSE
	EndGlobalSection
EndGlobal
