
Microsoft Visual Studio Solution File, Format Version 12.00
# Visual Studio 15
VisualStudioVersion = 15.0.26430.6
MinimumVisualStudioVersion = 10.0.40219.1
Project("{FAE04EC0-301F-11D3-BF4B-00C04F79EFBC}") = "NeuralNetworks.Console", "NeuralNetworks.Console\NeuralNetworks.Console.csproj", "{6B2CBBD2-5CAB-48E1-99F6-15FF23035CBA}"
EndProject
Project("{FAE04EC0-301F-11D3-BF4B-00C04F79EFBC}") = "NeuralNetworks.Library", "NeuralNetworks.Library\NeuralNetworks.Library.csproj", "{A21A69D7-546E-4F8E-BB2E-361E0DE5F995}"
EndProject
Project("{2150E333-8FDC-42A3-9474-1A3956D46DE8}") = "Solution Items", "Solution Items", "{391E7C6F-23B7-41B8-8A59-ED9C78EF5806}"
	ProjectSection(SolutionItems) = preProject
		.gitattributes = .gitattributes
		.gitignore = .gitignore
		README.md = README.md
	EndProjectSection
EndProject
Project("{FAE04EC0-301F-11D3-BF4B-00C04F79EFBC}") = "NeuralNetworks.Tests.IntegrationTests", "NeuralNetworks.Tests.IntegrationTests\NeuralNetworks.Tests.IntegrationTests.csproj", "{F3FFF6B9-C615-4BD1-B0EC-C20625E275E8}"
EndProject
Project("{FAE04EC0-301F-11D3-BF4B-00C04F79EFBC}") = "NeuralNetworks.Tests.Support", "NeuralNetworks.Tests.Support\NeuralNetworks.Tests.Support.csproj", "{E6CB89B0-0C6F-464C-A66B-D51ECF5979B2}"
EndProject
Project("{FAE04EC0-301F-11D3-BF4B-00C04F79EFBC}") = "NeuralNetworks.Tests.UnitTests", "NeuralNetworks.Tests.UnitTests\NeuralNetworks.Tests.UnitTests.csproj", "{E5E9362B-75E4-46F3-BD3D-0B9303DE9FBC}"
EndProject
Global
	GlobalSection(SolutionConfigurationPlatforms) = preSolution
		Debug|Any CPU = Debug|Any CPU
		Release|Any CPU = Release|Any CPU
	EndGlobalSection
	GlobalSection(ProjectConfigurationPlatforms) = postSolution
		{6B2CBBD2-5CAB-48E1-99F6-15FF23035CBA}.Debug|Any CPU.ActiveCfg = Debug|Any CPU
		{6B2CBBD2-5CAB-48E1-99F6-15FF23035CBA}.Debug|Any CPU.Build.0 = Debug|Any CPU
		{6B2CBBD2-5CAB-48E1-99F6-15FF23035CBA}.Release|Any CPU.ActiveCfg = Release|Any CPU
		{6B2CBBD2-5CAB-48E1-99F6-15FF23035CBA}.Release|Any CPU.Build.0 = Release|Any CPU
		{A21A69D7-546E-4F8E-BB2E-361E0DE5F995}.Debug|Any CPU.ActiveCfg = Debug|Any CPU
		{A21A69D7-546E-4F8E-BB2E-361E0DE5F995}.Debug|Any CPU.Build.0 = Debug|Any CPU
		{A21A69D7-546E-4F8E-BB2E-361E0DE5F995}.Release|Any CPU.ActiveCfg = Release|Any CPU
		{A21A69D7-546E-4F8E-BB2E-361E0DE5F995}.Release|Any CPU.Build.0 = Release|Any CPU
		{F3FFF6B9-C615-4BD1-B0EC-C20625E275E8}.Debug|Any CPU.ActiveCfg = Debug|Any CPU
		{F3FFF6B9-C615-4BD1-B0EC-C20625E275E8}.Debug|Any CPU.Build.0 = Debug|Any CPU
		{F3FFF6B9-C615-4BD1-B0EC-C20625E275E8}.Release|Any CPU.ActiveCfg = Release|Any CPU
		{F3FFF6B9-C615-4BD1-B0EC-C20625E275E8}.Release|Any CPU.Build.0 = Release|Any CPU
		{E6CB89B0-0C6F-464C-A66B-D51ECF5979B2}.Debug|Any CPU.ActiveCfg = Debug|Any CPU
		{E6CB89B0-0C6F-464C-A66B-D51ECF5979B2}.Debug|Any CPU.Build.0 = Debug|Any CPU
		{E6CB89B0-0C6F-464C-A66B-D51ECF5979B2}.Release|Any CPU.ActiveCfg = Release|Any CPU
		{E6CB89B0-0C6F-464C-A66B-D51ECF5979B2}.Release|Any CPU.Build.0 = Release|Any CPU
		{E5E9362B-75E4-46F3-BD3D-0B9303DE9FBC}.Debug|Any CPU.ActiveCfg = Debug|Any CPU
		{E5E9362B-75E4-46F3-BD3D-0B9303DE9FBC}.Debug|Any CPU.Build.0 = Debug|Any CPU
		{E5E9362B-75E4-46F3-BD3D-0B9303DE9FBC}.Release|Any CPU.ActiveCfg = Release|Any CPU
		{E5E9362B-75E4-46F3-BD3D-0B9303DE9FBC}.Release|Any CPU.Build.0 = Release|Any CPU
	EndGlobalSection
	GlobalSection(SolutionProperties) = preSolution
		HideSolutionNode = FALSE
	EndGlobalSection
EndGlobal
